
Microsoft Visual Studio Solution File, Format Version 12.00
# Visual Studio 14
VisualStudioVersion = 14.0.25123.0
MinimumVisualStudioVersion = 10.0.40219.1
Project("{FAE04EC0-301F-11D3-BF4B-00C04F79EFBC}") = "GeneticDLL", "GeneticDLL\GeneticDLL.csproj", "{7EE8C7C3-F60A-43C1-A56D-A167BFE4B3AE}"
EndProject
Project("{FAE04EC0-301F-11D3-BF4B-00C04F79EFBC}") = "GeneticTest", "GeneticTest\GeneticTest.csproj", "{75BD010A-05E5-4D55-9FC5-09BD375B0A43}"
EndProject
Project("{FAE04EC0-301F-11D3-BF4B-00C04F79EFBC}") = "GeneticsGUI", "GeneticsGUI\GeneticsGUI.csproj", "{E8476FE8-4FB6-49DC-9EAD-5F308B3712E5}"
EndProject
Project("{2150E333-8FDC-42A3-9474-1A3956D46DE8}") = "Solution Items", "Solution Items", "{E4B9BD98-4611-45B2-BF1A-C7D3654F6C63}"
	ProjectSection(SolutionItems) = preProject
		GeneticAbominations_Class_Constructors.txt = GeneticAbominations_Class_Constructors.txt
		GeneticAbominations_Class_Methods.txt = GeneticAbominations_Class_Methods.txt
		GeneticAbominations_Class_Properties.txt = GeneticAbominations_Class_Properties.txt
		README.txt = README.txt
	EndProjectSection
EndProject
Global
	GlobalSection(SolutionConfigurationPlatforms) = preSolution
		Debug|Any CPU = Debug|Any CPU
		Release|Any CPU = Release|Any CPU
	EndGlobalSection
	GlobalSection(ProjectConfigurationPlatforms) = postSolution
		{7EE8C7C3-F60A-43C1-A56D-A167BFE4B3AE}.Debug|Any CPU.ActiveCfg = Debug|Any CPU
		{7EE8C7C3-F60A-43C1-A56D-A167BFE4B3AE}.Debug|Any CPU.Build.0 = Debug|Any CPU
		{7EE8C7C3-F60A-43C1-A56D-A167BFE4B3AE}.Release|Any CPU.ActiveCfg = Release|Any CPU
		{7EE8C7C3-F60A-43C1-A56D-A167BFE4B3AE}.Release|Any CPU.Build.0 = Release|Any CPU
		{75BD010A-05E5-4D55-9FC5-09BD375B0A43}.Debug|Any CPU.ActiveCfg = Debug|Any CPU
		{75BD010A-05E5-4D55-9FC5-09BD375B0A43}.Debug|Any CPU.Build.0 = Debug|Any CPU
		{75BD010A-05E5-4D55-9FC5-09BD375B0A43}.Release|Any CPU.ActiveCfg = Release|Any CPU
		{75BD010A-05E5-4D55-9FC5-09BD375B0A43}.Release|Any CPU.Build.0 = Release|Any CPU
		{E8476FE8-4FB6-49DC-9EAD-5F308B3712E5}.Debug|Any CPU.ActiveCfg = Debug|Any CPU
		{E8476FE8-4FB6-49DC-9EAD-5F308B3712E5}.Debug|Any CPU.Build.0 = Debug|Any CPU
		{E8476FE8-4FB6-49DC-9EAD-5F308B3712E5}.Release|Any CPU.ActiveCfg = Release|Any CPU
		{E8476FE8-4FB6-49DC-9EAD-5F308B3712E5}.Release|Any CPU.Build.0 = Release|Any CPU
	EndGlobalSection
	GlobalSection(SolutionProperties) = preSolution
		HideSolutionNode = FALSE
	EndGlobalSection
EndGlobal
